
Microsoft Visual Studio Solution File, Format Version 12.00
# Visual Studio Version 17
VisualStudioVersion = 17.7.34031.279
MinimumVisualStudioVersion = 10.0.40219.1
Project("{8BC9CEB8-8B4A-11D0-8D11-00A0C91BC942}") = "CG_실습24", "CG_실습24\CG_실습24.vcxproj", "{0245DE1A-A5CA-4922-A58E-1BC57376AA64}"
EndProject
Global
	GlobalSection(SolutionConfigurationPlatforms) = preSolution
		Debug|x64 = Debug|x64
		Debug|x86 = Debug|x86
		Release|x64 = Release|x64
		Release|x86 = Release|x86
	EndGlobalSection
	GlobalSection(ProjectConfigurationPlatforms) = postSolution
		{0245DE1A-A5CA-4922-A58E-1BC57376AA64}.Debug|x64.ActiveCfg = Debug|x64
		{0245DE1A-A5CA-4922-A58E-1BC57376AA64}.Debug|x64.Build.0 = Debug|x64
		{0245DE1A-A5CA-4922-A58E-1BC57376AA64}.Debug|x86.ActiveCfg = Debug|Win32
		{0245DE1A-A5CA-4922-A58E-1BC57376AA64}.Debug|x86.Build.0 = Debug|Win32
		{0245DE1A-A5CA-4922-A58E-1BC57376AA64}.Release|x64.ActiveCfg = Release|x64
		{0245DE1A-A5CA-4922-A58E-1BC57376AA64}.Release|x64.Build.0 = Release|x64
		{0245DE1A-A5CA-4922-A58E-1BC57376AA64}.Release|x86.ActiveCfg = Release|Win32
		{0245DE1A-A5CA-4922-A58E-1BC57376AA64}.Release|x86.Build.0 = Release|Win32
	EndGlobalSection
	GlobalSection(SolutionProperties) = preSolution
		HideSolutionNode = FALSE
	EndGlobalSection
	GlobalSection(ExtensibilityGlobals) = postSolution
		SolutionGuid = {2A133E20-897A-4D71-A22D-B634CE4FA883}
	EndGlobalSection
EndGlobal
